
Microsoft Visual Studio Solution File, Format Version 12.00
# Visual Studio Version 16
VisualStudioVersion = 16.0.30907.101
MinimumVisualStudioVersion = 10.0.40219.1
Project("{FAE04EC0-301F-11D3-BF4B-00C04F79EFBC}") = "WebScraper", "WebScraper\WebScraper.csproj", "{7E6D3BB6-9372-4A26-B7C2-5002D0ECEA6D}"
EndProject
Global
	GlobalSection(SolutionConfigurationPlatforms) = preSolution
		Debug|Any CPU = Debug|Any CPU
		Release|Any CPU = Release|Any CPU
	EndGlobalSection
	GlobalSection(ProjectConfigurationPlatforms) = postSolution
		{7E6D3BB6-9372-4A26-B7C2-5002D0ECEA6D}.Debug|Any CPU.ActiveCfg = Debug|Any CPU
		{7E6D3BB6-9372-4A26-B7C2-5002D0ECEA6D}.Debug|Any CPU.Build.0 = Debug|Any CPU
		{7E6D3BB6-9372-4A26-B7C2-5002D0ECEA6D}.Release|Any CPU.ActiveCfg = Release|Any CPU
		{7E6D3BB6-9372-4A26-B7C2-5002D0ECEA6D}.Release|Any CPU.Build.0 = Release|Any CPU
	EndGlobalSection
	GlobalSection(SolutionProperties) = preSolution
		HideSolutionNode = FALSE
	EndGlobalSection
	GlobalSection(ExtensibilityGlobals) = postSolution
		SolutionGuid = {560767D6-2AA9-4160-9C0F-08C3A2C4EC64}
	EndGlobalSection
EndGlobal
